
Microsoft Visual Studio Solution File, Format Version 12.00
# Visual Studio Version 16
VisualStudioVersion = 16.0.29613.14
MinimumVisualStudioVersion = 10.0.40219.1
Project("{2150E333-8FDC-42A3-9474-1A3956D46DE8}") = "BLL", "BLL", "{1DD45457-D674-407F-BC2B-5F42959C246B}"
EndProject
Project("{2150E333-8FDC-42A3-9474-1A3956D46DE8}") = "DAL", "DAL", "{B6FCED73-58D9-4E71-A30D-989CB9D6BA0F}"
EndProject
Project("{2150E333-8FDC-42A3-9474-1A3956D46DE8}") = "Model", "Model", "{B543307D-8F02-4D9B-88C7-0E59B1E0FDF1}"
EndProject
Project("{2150E333-8FDC-42A3-9474-1A3956D46DE8}") = "Common", "Common", "{2C277ED8-BAA1-4EF3-B35B-2F99DAFF0206}"
EndProject
Project("{2150E333-8FDC-42A3-9474-1A3956D46DE8}") = "UI", "UI", "{99541F5E-ECC6-433C-BED0-BC0482FA5B76}"
EndProject
Project("{FAE04EC0-301F-11D3-BF4B-00C04F79EFBC}") = "EMS.BLL", "BLL\EMS.BLL\EMS.BLL.csproj", "{4AA66081-DB66-42C9-84CF-42E3F7738663}"
EndProject
Project("{FAE04EC0-301F-11D3-BF4B-00C04F79EFBC}") = "EMS.IBLL", "BLL\EMS.IBLL\EMS.IBLL.csproj", "{0A4A97B8-379A-4145-803A-AB1363542BD3}"
EndProject
Project("{FAE04EC0-301F-11D3-BF4B-00C04F79EFBC}") = "EMS.BLLContainer", "BLL\EMS.BLLContainer\EMS.BLLContainer.csproj", "{0D0E4095-617E-4A3A-B24D-A06A00DB5F99}"
EndProject
Project("{FAE04EC0-301F-11D3-BF4B-00C04F79EFBC}") = "EMS.IDAL", "DAL\EMS.IDAL\EMS.IDAL.csproj", "{8DE730B8-24D8-479A-BA59-58A0798C7D27}"
EndProject
Project("{FAE04EC0-301F-11D3-BF4B-00C04F79EFBC}") = "EMS.DAL", "DAL\EMS.DAL\EMS.DAL.csproj", "{51A762B6-30D1-4B18-ACBB-E4DF0A61ADD4}"
EndProject
Project("{FAE04EC0-301F-11D3-BF4B-00C04F79EFBC}") = "EMS.DALContainer", "DAL\EMS.DALContainer\EMS.DALContainer.csproj", "{B5E5BB7A-22FC-4FE6-A26E-76EAFBD38F99}"
EndProject
Project("{FAE04EC0-301F-11D3-BF4B-00C04F79EFBC}") = "EMS.Model", "Model\EMS.Model\EMS.Model.csproj", "{045C48CE-BFE8-49CE-87BD-FA9C73CA48B2}"
EndProject
Project("{FAE04EC0-301F-11D3-BF4B-00C04F79EFBC}") = "EMS.Common", "Common\EMS.Common\EMS.Common.csproj", "{31B81A03-03DF-443C-BB8D-8A62311152FC}"
EndProject
Project("{FAE04EC0-301F-11D3-BF4B-00C04F79EFBC}") = "EMS.WebServer", "UI\EMS.WebServer\EMS.WebServer.csproj", "{27E702A6-34FA-45C5-95B5-3DE72FD013E5}"
EndProject
Project("{9092AA53-FB77-4645-B42D-1CCCA6BD08BD}") = "EMS.Web", "UI\EMS.Web\EMS.Web.njsproj", "{6769DC2E-95EF-4ADD-9525-D5C259CA07A8}"
EndProject
Global
	GlobalSection(SolutionConfigurationPlatforms) = preSolution
		Debug|Any CPU = Debug|Any CPU
		Release|Any CPU = Release|Any CPU
	EndGlobalSection
	GlobalSection(ProjectConfigurationPlatforms) = postSolution
		{4AA66081-DB66-42C9-84CF-42E3F7738663}.Debug|Any CPU.ActiveCfg = Debug|Any CPU
		{4AA66081-DB66-42C9-84CF-42E3F7738663}.Debug|Any CPU.Build.0 = Debug|Any CPU
		{4AA66081-DB66-42C9-84CF-42E3F7738663}.Release|Any CPU.ActiveCfg = Release|Any CPU
		{4AA66081-DB66-42C9-84CF-42E3F7738663}.Release|Any CPU.Build.0 = Release|Any CPU
		{0A4A97B8-379A-4145-803A-AB1363542BD3}.Debug|Any CPU.ActiveCfg = Debug|Any CPU
		{0A4A97B8-379A-4145-803A-AB1363542BD3}.Debug|Any CPU.Build.0 = Debug|Any CPU
		{0A4A97B8-379A-4145-803A-AB1363542BD3}.Release|Any CPU.ActiveCfg = Release|Any CPU
		{0A4A97B8-379A-4145-803A-AB1363542BD3}.Release|Any CPU.Build.0 = Release|Any CPU
		{0D0E4095-617E-4A3A-B24D-A06A00DB5F99}.Debug|Any CPU.ActiveCfg = Debug|Any CPU
		{0D0E4095-617E-4A3A-B24D-A06A00DB5F99}.Debug|Any CPU.Build.0 = Debug|Any CPU
		{0D0E4095-617E-4A3A-B24D-A06A00DB5F99}.Release|Any CPU.ActiveCfg = Release|Any CPU
		{0D0E4095-617E-4A3A-B24D-A06A00DB5F99}.Release|Any CPU.Build.0 = Release|Any CPU
		{8DE730B8-24D8-479A-BA59-58A0798C7D27}.Debug|Any CPU.ActiveCfg = Debug|Any CPU
		{8DE730B8-24D8-479A-BA59-58A0798C7D27}.Debug|Any CPU.Build.0 = Debug|Any CPU
		{8DE730B8-24D8-479A-BA59-58A0798C7D27}.Release|Any CPU.ActiveCfg = Release|Any CPU
		{8DE730B8-24D8-479A-BA59-58A0798C7D27}.Release|Any CPU.Build.0 = Release|Any CPU
		{51A762B6-30D1-4B18-ACBB-E4DF0A61ADD4}.Debug|Any CPU.ActiveCfg = Debug|Any CPU
		{51A762B6-30D1-4B18-ACBB-E4DF0A61ADD4}.Debug|Any CPU.Build.0 = Debug|Any CPU
		{51A762B6-30D1-4B18-ACBB-E4DF0A61ADD4}.Release|Any CPU.ActiveCfg = Release|Any CPU
		{51A762B6-30D1-4B18-ACBB-E4DF0A61ADD4}.Release|Any CPU.Build.0 = Release|Any CPU
		{B5E5BB7A-22FC-4FE6-A26E-76EAFBD38F99}.Debug|Any CPU.ActiveCfg = Debug|Any CPU
		{B5E5BB7A-22FC-4FE6-A26E-76EAFBD38F99}.Debug|Any CPU.Build.0 = Debug|Any CPU
		{B5E5BB7A-22FC-4FE6-A26E-76EAFBD38F99}.Release|Any CPU.ActiveCfg = Release|Any CPU
		{B5E5BB7A-22FC-4FE6-A26E-76EAFBD38F99}.Release|Any CPU.Build.0 = Release|Any CPU
		{045C48CE-BFE8-49CE-87BD-FA9C73CA48B2}.Debug|Any CPU.ActiveCfg = Debug|Any CPU
		{045C48CE-BFE8-49CE-87BD-FA9C73CA48B2}.Debug|Any CPU.Build.0 = Debug|Any CPU
		{045C48CE-BFE8-49CE-87BD-FA9C73CA48B2}.Release|Any CPU.ActiveCfg = Release|Any CPU
		{045C48CE-BFE8-49CE-87BD-FA9C73CA48B2}.Release|Any CPU.Build.0 = Release|Any CPU
		{31B81A03-03DF-443C-BB8D-8A62311152FC}.Debug|Any CPU.ActiveCfg = Debug|Any CPU
		{31B81A03-03DF-443C-BB8D-8A62311152FC}.Debug|Any CPU.Build.0 = Debug|Any CPU
		{31B81A03-03DF-443C-BB8D-8A62311152FC}.Release|Any CPU.ActiveCfg = Release|Any CPU
		{31B81A03-03DF-443C-BB8D-8A62311152FC}.Release|Any CPU.Build.0 = Release|Any CPU
		{27E702A6-34FA-45C5-95B5-3DE72FD013E5}.Debug|Any CPU.ActiveCfg = Debug|Any CPU
		{27E702A6-34FA-45C5-95B5-3DE72FD013E5}.Debug|Any CPU.Build.0 = Debug|Any CPU
		{27E702A6-34FA-45C5-95B5-3DE72FD013E5}.Release|Any CPU.ActiveCfg = Release|Any CPU
		{27E702A6-34FA-45C5-95B5-3DE72FD013E5}.Release|Any CPU.Build.0 = Release|Any CPU
		{6769DC2E-95EF-4ADD-9525-D5C259CA07A8}.Debug|Any CPU.ActiveCfg = Debug|Any CPU
		{6769DC2E-95EF-4ADD-9525-D5C259CA07A8}.Debug|Any CPU.Build.0 = Debug|Any CPU
		{6769DC2E-95EF-4ADD-9525-D5C259CA07A8}.Release|Any CPU.ActiveCfg = Release|Any CPU
		{6769DC2E-95EF-4ADD-9525-D5C259CA07A8}.Release|Any CPU.Build.0 = Release|Any CPU
	EndGlobalSection
	GlobalSection(SolutionProperties) = preSolution
		HideSolutionNode = FALSE
	EndGlobalSection
	GlobalSection(NestedProjects) = preSolution
		{4AA66081-DB66-42C9-84CF-42E3F7738663} = {1DD45457-D674-407F-BC2B-5F42959C246B}
		{0A4A97B8-379A-4145-803A-AB1363542BD3} = {1DD45457-D674-407F-BC2B-5F42959C246B}
		{0D0E4095-617E-4A3A-B24D-A06A00DB5F99} = {1DD45457-D674-407F-BC2B-5F42959C246B}
		{8DE730B8-24D8-479A-BA59-58A0798C7D27} = {B6FCED73-58D9-4E71-A30D-989CB9D6BA0F}
		{51A762B6-30D1-4B18-ACBB-E4DF0A61ADD4} = {B6FCED73-58D9-4E71-A30D-989CB9D6BA0F}
		{B5E5BB7A-22FC-4FE6-A26E-76EAFBD38F99} = {B6FCED73-58D9-4E71-A30D-989CB9D6BA0F}
		{045C48CE-BFE8-49CE-87BD-FA9C73CA48B2} = {B543307D-8F02-4D9B-88C7-0E59B1E0FDF1}
		{31B81A03-03DF-443C-BB8D-8A62311152FC} = {2C277ED8-BAA1-4EF3-B35B-2F99DAFF0206}
		{27E702A6-34FA-45C5-95B5-3DE72FD013E5} = {99541F5E-ECC6-433C-BED0-BC0482FA5B76}
		{6769DC2E-95EF-4ADD-9525-D5C259CA07A8} = {99541F5E-ECC6-433C-BED0-BC0482FA5B76}
	EndGlobalSection
	GlobalSection(ExtensibilityGlobals) = postSolution
		SolutionGuid = {A1D6DC2C-2E5C-4B0D-BA62-411148A1D5B5}
	EndGlobalSection
EndGlobal
